
Microsoft Visual Studio Solution File, Format Version 12.00
# Visual Studio Version 17
VisualStudioVersion = 17.10.35013.160
MinimumVisualStudioVersion = 10.0.40219.1
Project("{FAE04EC0-301F-11D3-BF4B-00C04F79EFBC}") = "SubmoduleTest", "SubmoduleTest\SubmoduleTest.csproj", "{18363925-532A-41FC-BC0E-BB675B317ADB}"
EndProject
Global
	GlobalSection(SolutionConfigurationPlatforms) = preSolution
		Debug|Any CPU = Debug|Any CPU
		Release|Any CPU = Release|Any CPU
	EndGlobalSection
	GlobalSection(ProjectConfigurationPlatforms) = postSolution
		{18363925-532A-41FC-BC0E-BB675B317ADB}.Debug|Any CPU.ActiveCfg = Debug|Any CPU
		{18363925-532A-41FC-BC0E-BB675B317ADB}.Debug|Any CPU.Build.0 = Debug|Any CPU
		{18363925-532A-41FC-BC0E-BB675B317ADB}.Release|Any CPU.ActiveCfg = Release|Any CPU
		{18363925-532A-41FC-BC0E-BB675B317ADB}.Release|Any CPU.Build.0 = Release|Any CPU
	EndGlobalSection
	GlobalSection(SolutionProperties) = preSolution
		HideSolutionNode = FALSE
	EndGlobalSection
	GlobalSection(ExtensibilityGlobals) = postSolution
		SolutionGuid = {665D9DBC-6B0F-44A4-AFBF-847083680A35}
	EndGlobalSection
EndGlobal
